{
  "requires": true,
  "lockfileVersion": 1,
  "dependencies": {
    "image-size": {
      "version": "1.0.0",
      "resolved": "https://registry.npmjs.org/image-size/-/image-size-1.0.0.tgz",
      "integrity": "sha512-JLJ6OwBfO1KcA+TvJT+v8gbE6iWbj24LyDNFgFEN0lzegn6cC6a/p3NIDaepMsJjQjlUWqIC7wJv8lBFxPNjcw==",
      "requires": {
        "queue": "6.0.2"
      }
    },
    "inherits": {
      "version": "2.0.4",
      "resolved": "https://registry.npmjs.org/inherits/-/inherits-2.0.4.tgz",
      "integrity": "sha512-k/vGaX4/Yla3WzyMCvTQOXYeIHvqOKtnqBduzTHpzpQZzAskKMhZ2K+EnBiSM9zGSoIFeMpXKxa4dYeZIQqewQ=="
    },
    "markdown-it-image-lazy-loading": {
      "version": "1.1.0",
      "resolved": "https://registry.npmjs.org/markdown-it-image-lazy-loading/-/markdown-it-image-lazy-loading-1.1.0.tgz",
      "integrity": "sha512-3Mk/UjzNdYvhWyslIti9YUFSzQkmnaGsI3HC4jkw19VcIbnmp5Sofi18p1sIAHIvrQUGTAx8oW8tSDKSZEL49Q==",
      "requires": {
        "image-size": "^1.0.0"
      }
    },
    "queue": {
      "version": "6.0.2",
      "resolved": "https://registry.npmjs.org/queue/-/queue-6.0.2.tgz",
      "integrity": "sha512-iHZWu+q3IdFZFX36ro/lKBkSvfkztY5Y7HMiPlOUjhupPcG2JMfst2KKEpu5XndviX/3UhFbRngUPNKtgvtZiA==",
      "requires": {
        "inherits": "~2.0.3"
      }
    }
  }
}
